Microsoft Visual Studio Solution File, Format Version 12.00
# Visual Studio Version 17
VisualStudioVersion = 17.0.31903.59
MinimumVisualStudioVersion = 10.0.40219.1
Project("{2150E333-8FDC-42A3-9474-1A3956D46DE8}") = "src", "src", "{A11A1111-1111-4111-8111-111111111111}"
EndProject
Project("{2150E333-8FDC-42A3-9474-1A3956D46DE8}") = "tests", "tests", "{A22A2222-2222-4222-8222-222222222222}"
EndProject
Project("{FAE04EC0-301F-11D3-BF4B-00C04F79EFBC}") = "Ctrlp.PrintAgent.Contracts", "src\Ctrlp.PrintAgent.Contracts\Ctrlp.PrintAgent.Contracts.csproj", "{B11B1111-1111-4111-8111-111111111111}"
EndProject
Project("{FAE04EC0-301F-11D3-BF4B-00C04F79EFBC}") = "Ctrlp.PrintAgent.Ipc", "src\Ctrlp.PrintAgent.Ipc\Ctrlp.PrintAgent.Ipc.csproj", "{B22B2222-2222-4222-8222-222222222222}"
EndProject
Project("{FAE04EC0-301F-11D3-BF4B-00C04F79EFBC}") = "Ctrlp.PrintAgent.Core", "src\Ctrlp.PrintAgent.Core\Ctrlp.PrintAgent.Core.csproj", "{B33B3333-3333-4333-8333-333333333333}"
EndProject
Project("{FAE04EC0-301F-11D3-BF4B-00C04F79EFBC}") = "Ctrlp.PrintAgent.Windows", "src\Ctrlp.PrintAgent.Windows\Ctrlp.PrintAgent.Windows.csproj", "{B44B4444-4444-4444-8444-444444444444}"
EndProject
Project("{FAE04EC0-301F-11D3-BF4B-00C04F79EFBC}") = "Ctrlp.PrintAgent.Host", "src\Ctrlp.PrintAgent.Host\Ctrlp.PrintAgent.Host.csproj", "{B55B5555-5555-4555-8555-555555555555}"
EndProject
Project("{FAE04EC0-301F-11D3-BF4B-00C04F79EFBC}") = "Ctrlp.PrintAgent.Tests", "tests\Ctrlp.PrintAgent.Tests\Ctrlp.PrintAgent.Tests.csproj", "{B66B6666-6666-4666-8666-666666666666}"
EndProject
Global
	GlobalSection(SolutionConfigurationPlatforms) = preSolution
		Debug|Any CPU = Debug|Any CPU
		Release|Any CPU = Release|Any CPU
	EndGlobalSection
	GlobalSection(ProjectConfigurationPlatforms) = postSolution
		{B11B1111-1111-4111-8111-111111111111}.Debug|Any CPU.ActiveCfg = Debug|Any CPU
		{B11B1111-1111-4111-8111-111111111111}.Debug|Any CPU.Build.0 = Debug|Any CPU
		{B11B1111-1111-4111-8111-111111111111}.Release|Any CPU.ActiveCfg = Release|Any CPU
		{B11B1111-1111-4111-8111-111111111111}.Release|Any CPU.Build.0 = Release|Any CPU
		{B22B2222-2222-4222-8222-222222222222}.Debug|Any CPU.ActiveCfg = Debug|Any CPU
		{B22B2222-2222-4222-8222-222222222222}.Debug|Any CPU.Build.0 = Debug|Any CPU
		{B22B2222-2222-4222-8222-222222222222}.Release|Any CPU.ActiveCfg = Release|Any CPU
		{B22B2222-2222-4222-8222-222222222222}.Release|Any CPU.Build.0 = Release|Any CPU
		{B33B3333-3333-4333-8333-333333333333}.Debug|Any CPU.ActiveCfg = Debug|Any CPU
		{B33B3333-3333-4333-8333-333333333333}.Debug|Any CPU.Build.0 = Debug|Any CPU
		{B33B3333-3333-4333-8333-333333333333}.Release|Any CPU.ActiveCfg = Release|Any CPU
		{B33B3333-3333-4333-8333-333333333333}.Release|Any CPU.Build.0 = Release|Any CPU
		{B44B4444-4444-4444-8444-444444444444}.Debug|Any CPU.ActiveCfg = Debug|Any CPU
		{B44B4444-4444-4444-8444-444444444444}.Debug|Any CPU.Build.0 = Debug|Any CPU
		{B44B4444-4444-4444-8444-444444444444}.Release|Any CPU.ActiveCfg = Release|Any CPU
		{B44B4444-4444-4444-8444-444444444444}.Release|Any CPU.Build.0 = Release|Any CPU
		{B55B5555-5555-4555-8555-555555555555}.Debug|Any CPU.ActiveCfg = Debug|Any CPU
		{B55B5555-5555-4555-8555-555555555555}.Debug|Any CPU.Build.0 = Debug|Any CPU
		{B55B5555-5555-4555-8555-555555555555}.Release|Any CPU.ActiveCfg = Release|Any CPU
		{B55B5555-5555-4555-8555-555555555555}.Release|Any CPU.Build.0 = Release|Any CPU
		{B66B6666-6666-4666-8666-666666666666}.Debug|Any CPU.ActiveCfg = Debug|Any CPU
		{B66B6666-6666-4666-8666-666666666666}.Debug|Any CPU.Build.0 = Debug|Any CPU
		{B66B6666-6666-4666-8666-666666666666}.Release|Any CPU.ActiveCfg = Release|Any CPU
		{B66B6666-6666-4666-8666-666666666666}.Release|Any CPU.Build.0 = Release|Any CPU
	EndGlobalSection
	GlobalSection(NestedProjects) = preSolution
		{B11B1111-1111-4111-8111-111111111111} = {A11A1111-1111-4111-8111-111111111111}
		{B22B2222-2222-4222-8222-222222222222} = {A11A1111-1111-4111-8111-111111111111}
		{B33B3333-3333-4333-8333-333333333333} = {A11A1111-1111-4111-8111-111111111111}
		{B44B4444-4444-4444-8444-444444444444} = {A11A1111-1111-4111-8111-111111111111}
		{B55B5555-5555-4555-8555-555555555555} = {A11A1111-1111-4111-8111-111111111111}
		{B66B6666-6666-4666-8666-666666666666} = {A22A2222-2222-4222-8222-222222222222}
	EndGlobalSection
EndGlobal
